
Microsoft Visual Studio Solution File, Format Version 9.00
# Visual Studio 2005
Project("{8BC9CEB8-8B4A-11D0-8D11-00A0C91BC942}") = "cs_cgi_dll", "cs_cgi_dll\cs_cgi_dll.vcproj", "{44A7AC8B-AEA6-4FAA-9A3A-51B94A2B6164}"
EndProject
Project("{8BC9CEB8-8B4A-11D0-8D11-00A0C91BC942}") = "cs_account_demo", "cs_account_demo\cs_account_demo.vcproj", "{2EC4A511-6EF3-4D56-A19C-8D8BBE828128}"
EndProject
Project("{8BC9CEB8-8B4A-11D0-8D11-00A0C91BC942}") = "resdb_snapshot", "resdb_snapshot\resdb_snapshot.vcproj", "{1F690EE4-13CA-40C7-8C10-039A3D40A7E6}"
EndProject
Project("{8BC9CEB8-8B4A-11D0-8D11-00A0C91BC942}") = "db_to_bin", "win_db_to_bin\db_to_bin\db_to_bin.vcproj", "{0D72F78E-A418-4ED6-968E-85E7F3AE2102}"
EndProject
Global
	GlobalSection(SolutionConfigurationPlatforms) = preSolution
		Debug|Win32 = Debug|Win32
		Release|Win32 = Release|Win32
	EndGlobalSection
	GlobalSection(ProjectConfigurationPlatforms) = postSolution
		{44A7AC8B-AEA6-4FAA-9A3A-51B94A2B6164}.Debug|Win32.ActiveCfg = Debug|Win32
		{44A7AC8B-AEA6-4FAA-9A3A-51B94A2B6164}.Debug|Win32.Build.0 = Debug|Win32
		{44A7AC8B-AEA6-4FAA-9A3A-51B94A2B6164}.Release|Win32.ActiveCfg = Release|Win32
		{44A7AC8B-AEA6-4FAA-9A3A-51B94A2B6164}.Release|Win32.Build.0 = Release|Win32
		{2EC4A511-6EF3-4D56-A19C-8D8BBE828128}.Debug|Win32.ActiveCfg = Debug|Win32
		{2EC4A511-6EF3-4D56-A19C-8D8BBE828128}.Debug|Win32.Build.0 = Debug|Win32
		{2EC4A511-6EF3-4D56-A19C-8D8BBE828128}.Release|Win32.ActiveCfg = Release|Win32
		{2EC4A511-6EF3-4D56-A19C-8D8BBE828128}.Release|Win32.Build.0 = Release|Win32
		{1F690EE4-13CA-40C7-8C10-039A3D40A7E6}.Debug|Win32.ActiveCfg = Debug|Win32
		{1F690EE4-13CA-40C7-8C10-039A3D40A7E6}.Debug|Win32.Build.0 = Debug|Win32
		{1F690EE4-13CA-40C7-8C10-039A3D40A7E6}.Release|Win32.ActiveCfg = Release|Win32
		{1F690EE4-13CA-40C7-8C10-039A3D40A7E6}.Release|Win32.Build.0 = Release|Win32
		{0D72F78E-A418-4ED6-968E-85E7F3AE2102}.Debug|Win32.ActiveCfg = Debug|Win32
		{0D72F78E-A418-4ED6-968E-85E7F3AE2102}.Debug|Win32.Build.0 = Debug|Win32
		{0D72F78E-A418-4ED6-968E-85E7F3AE2102}.Release|Win32.ActiveCfg = Release|Win32
		{0D72F78E-A418-4ED6-968E-85E7F3AE2102}.Release|Win32.Build.0 = Release|Win32
	EndGlobalSection
	GlobalSection(SolutionProperties) = preSolution
		HideSolutionNode = FALSE
	EndGlobalSection
EndGlobal
