
Microsoft Visual Studio Solution File, Format Version 9.00
# Visual Studio 2005
Project("{8BC9CEB8-8B4A-11D0-8D11-00A0C91BC942}") = "OgreMain", "OgreMain_vc8.vcproj", "{3EB7E808-8E83-43AC-92DA-BD9AA0C86E57}"
EndProject
Global
	GlobalSection(SolutionConfigurationPlatforms) = preSolution
		Debug|Win32 = Debug|Win32
		Deploy_Release|Win32 = Deploy_Release|Win32
		GameRelease|Win32 = GameRelease|Win32
		Release|Win32 = Release|Win32
		Smart_Debug|Win32 = Smart_Debug|Win32
		Smart_Release|Win32 = Smart_Release|Win32
	EndGlobalSection
	GlobalSection(ProjectConfigurationPlatforms) = postSolution
		{3EB7E808-8E83-43AC-92DA-BD9AA0C86E57}.Debug|Win32.ActiveCfg = Debug|Win32
		{3EB7E808-8E83-43AC-92DA-BD9AA0C86E57}.Debug|Win32.Build.0 = Debug|Win32
		{3EB7E808-8E83-43AC-92DA-BD9AA0C86E57}.Deploy_Release|Win32.ActiveCfg = Deploy_Release|Win32
		{3EB7E808-8E83-43AC-92DA-BD9AA0C86E57}.Deploy_Release|Win32.Build.0 = Deploy_Release|Win32
		{3EB7E808-8E83-43AC-92DA-BD9AA0C86E57}.GameRelease|Win32.ActiveCfg = GameRelease|Win32
		{3EB7E808-8E83-43AC-92DA-BD9AA0C86E57}.GameRelease|Win32.Build.0 = GameRelease|Win32
		{3EB7E808-8E83-43AC-92DA-BD9AA0C86E57}.Release|Win32.ActiveCfg = Release|Win32
		{3EB7E808-8E83-43AC-92DA-BD9AA0C86E57}.Release|Win32.Build.0 = Release|Win32
		{3EB7E808-8E83-43AC-92DA-BD9AA0C86E57}.Smart_Debug|Win32.ActiveCfg = Smart_Debug|Win32
		{3EB7E808-8E83-43AC-92DA-BD9AA0C86E57}.Smart_Debug|Win32.Build.0 = Smart_Debug|Win32
		{3EB7E808-8E83-43AC-92DA-BD9AA0C86E57}.Smart_Release|Win32.ActiveCfg = Smart_Release|Win32
		{3EB7E808-8E83-43AC-92DA-BD9AA0C86E57}.Smart_Release|Win32.Build.0 = Smart_Release|Win32
	EndGlobalSection
	GlobalSection(SolutionProperties) = preSolution
		HideSolutionNode = FALSE
	EndGlobalSection
EndGlobal
